
Microsoft Visual Studio Solution File, Format Version 12.00
# Visual Studio Version 16
VisualStudioVersion = 16.0.31515.178
MinimumVisualStudioVersion = 10.0.40219.1
Project("{FAE04EC0-301F-11D3-BF4B-00C04F79EFBC}") = "LTCSDL-IT81-LINQ", "LTCSDL-IT81-LINQ.csproj", "{4493B70D-EC14-42DA-A90F-2098DADFEFED}"
EndProject
Global
	GlobalSection(SolutionConfigurationPlatforms) = preSolution
		Debug|Any CPU = Debug|Any CPU
		Release|Any CPU = Release|Any CPU
	EndGlobalSection
	GlobalSection(ProjectConfigurationPlatforms) = postSolution
		{4493B70D-EC14-42DA-A90F-2098DADFEFED}.Debug|Any CPU.ActiveCfg = Debug|Any CPU
		{4493B70D-EC14-42DA-A90F-2098DADFEFED}.Debug|Any CPU.Build.0 = Debug|Any CPU
		{4493B70D-EC14-42DA-A90F-2098DADFEFED}.Release|Any CPU.ActiveCfg = Release|Any CPU
		{4493B70D-EC14-42DA-A90F-2098DADFEFED}.Release|Any CPU.Build.0 = Release|Any CPU
	EndGlobalSection
	GlobalSection(SolutionProperties) = preSolution
		HideSolutionNode = FALSE
	EndGlobalSection
	GlobalSection(ExtensibilityGlobals) = postSolution
		SolutionGuid = {230D5414-5BD3-4413-9EAB-FF4980926516}
	EndGlobalSection
EndGlobal
